
Microsoft Visual Studio Solution File, Format Version 12.00
# Visual Studio 2012
Project("{FAE04EC0-301F-11D3-BF4B-00C04F79EFBC}") = "01. IsLeapYear", "01. IsLeapYear\01. IsLeapYear.csproj", "{C30F5915-37B7-4AA9-91AE-2E6F16A73757}"
EndProject
Project("{FAE04EC0-301F-11D3-BF4B-00C04F79EFBC}") = "02. RandomValuesInRange", "02. RandomValuesInRange\02. RandomValuesInRange.csproj", "{8159C7AA-04A8-47EA-B175-B1EDEF1B976C}"
EndProject
Project("{FAE04EC0-301F-11D3-BF4B-00C04F79EFBC}") = "03. PrintDayOfWeek", "03. PrintDayOfWeek\03. PrintDayOfWeek.csproj", "{0A2ABB3A-8557-49EA-8FEC-179665531BB5}"
EndProject
Project("{FAE04EC0-301F-11D3-BF4B-00C04F79EFBC}") = "04. CalcTriangleSurface", "04. CalcTriangleSurface\04. CalcTriangleSurface.csproj", "{26658C20-FAB0-49CB-AD36-E8DA86EAD406}"
EndProject
Project("{FAE04EC0-301F-11D3-BF4B-00C04F79EFBC}") = "05. NumberOfWorkdays", "05. NumberOfWorkdays\05. NumberOfWorkdays.csproj", "{CBC7E25A-8465-411B-930E-668DBF6D3700}"
EndProject
Project("{FAE04EC0-301F-11D3-BF4B-00C04F79EFBC}") = "06. SumOfIntFromString", "06. SumOfIntFromString\06. SumOfIntFromString.csproj", "{5FF3B664-A68C-4AC4-A59D-DF4978D50F45}"
EndProject
Global
	GlobalSection(SolutionConfigurationPlatforms) = preSolution
		Debug|Any CPU = Debug|Any CPU
		Release|Any CPU = Release|Any CPU
	EndGlobalSection
	GlobalSection(ProjectConfigurationPlatforms) = postSolution
		{C30F5915-37B7-4AA9-91AE-2E6F16A73757}.Debug|Any CPU.ActiveCfg = Debug|Any CPU
		{C30F5915-37B7-4AA9-91AE-2E6F16A73757}.Debug|Any CPU.Build.0 = Debug|Any CPU
		{C30F5915-37B7-4AA9-91AE-2E6F16A73757}.Release|Any CPU.ActiveCfg = Release|Any CPU
		{C30F5915-37B7-4AA9-91AE-2E6F16A73757}.Release|Any CPU.Build.0 = Release|Any CPU
		{8159C7AA-04A8-47EA-B175-B1EDEF1B976C}.Debug|Any CPU.ActiveCfg = Debug|Any CPU
		{8159C7AA-04A8-47EA-B175-B1EDEF1B976C}.Debug|Any CPU.Build.0 = Debug|Any CPU
		{8159C7AA-04A8-47EA-B175-B1EDEF1B976C}.Release|Any CPU.ActiveCfg = Release|Any CPU
		{8159C7AA-04A8-47EA-B175-B1EDEF1B976C}.Release|Any CPU.Build.0 = Release|Any CPU
		{0A2ABB3A-8557-49EA-8FEC-179665531BB5}.Debug|Any CPU.ActiveCfg = Debug|Any CPU
		{0A2ABB3A-8557-49EA-8FEC-179665531BB5}.Debug|Any CPU.Build.0 = Debug|Any CPU
		{0A2ABB3A-8557-49EA-8FEC-179665531BB5}.Release|Any CPU.ActiveCfg = Release|Any CPU
		{0A2ABB3A-8557-49EA-8FEC-179665531BB5}.Release|Any CPU.Build.0 = Release|Any CPU
		{26658C20-FAB0-49CB-AD36-E8DA86EAD406}.Debug|Any CPU.ActiveCfg = Debug|Any CPU
		{26658C20-FAB0-49CB-AD36-E8DA86EAD406}.Debug|Any CPU.Build.0 = Debug|Any CPU
		{26658C20-FAB0-49CB-AD36-E8DA86EAD406}.Release|Any CPU.ActiveCfg = Release|Any CPU
		{26658C20-FAB0-49CB-AD36-E8DA86EAD406}.Release|Any CPU.Build.0 = Release|Any CPU
		{CBC7E25A-8465-411B-930E-668DBF6D3700}.Debug|Any CPU.ActiveCfg = Debug|Any CPU
		{CBC7E25A-8465-411B-930E-668DBF6D3700}.Debug|Any CPU.Build.0 = Debug|Any CPU
		{CBC7E25A-8465-411B-930E-668DBF6D3700}.Release|Any CPU.ActiveCfg = Release|Any CPU
		{CBC7E25A-8465-411B-930E-668DBF6D3700}.Release|Any CPU.Build.0 = Release|Any CPU
		{5FF3B664-A68C-4AC4-A59D-DF4978D50F45}.Debug|Any CPU.ActiveCfg = Debug|Any CPU
		{5FF3B664-A68C-4AC4-A59D-DF4978D50F45}.Debug|Any CPU.Build.0 = Debug|Any CPU
		{5FF3B664-A68C-4AC4-A59D-DF4978D50F45}.Release|Any CPU.ActiveCfg = Release|Any CPU
		{5FF3B664-A68C-4AC4-A59D-DF4978D50F45}.Release|Any CPU.Build.0 = Release|Any CPU
	EndGlobalSection
	GlobalSection(SolutionProperties) = preSolution
		HideSolutionNode = FALSE
	EndGlobalSection
EndGlobal
