
Microsoft Visual Studio Solution File, Format Version 12.00
# Visual Studio 2013
VisualStudioVersion = 12.0.30501.0
MinimumVisualStudioVersion = 10.0.40219.1
Project("{FAE04EC0-301F-11D3-BF4B-00C04F79EFBC}") = "StudentSystem.Models", "StudentSystem.Models\StudentSystem.Models.csproj", "{C840F918-B621-460F-854A-2E4DD433BF7D}"
EndProject
Project("{FAE04EC0-301F-11D3-BF4B-00C04F79EFBC}") = "StudentSystem.Data", "StudentSystem.Data\StudentSystem.Data.csproj", "{1DDFD2DE-F750-45DB-984E-E5446482D059}"
EndProject
Project("{FAE04EC0-301F-11D3-BF4B-00C04F79EFBC}") = "StudentSystem.ConsoleClient", "StudentSystem.ConsoleClient\StudentSystem.ConsoleClient.csproj", "{9ED5790E-875A-4AB4-8F2D-FF42117A1D2B}"
EndProject
Global
	GlobalSection(SolutionConfigurationPlatforms) = preSolution
		Debug|Any CPU = Debug|Any CPU
		Release|Any CPU = Release|Any CPU
	EndGlobalSection
	GlobalSection(ProjectConfigurationPlatforms) = postSolution
		{C840F918-B621-460F-854A-2E4DD433BF7D}.Debug|Any CPU.ActiveCfg = Debug|Any CPU
		{C840F918-B621-460F-854A-2E4DD433BF7D}.Debug|Any CPU.Build.0 = Debug|Any CPU
		{C840F918-B621-460F-854A-2E4DD433BF7D}.Release|Any CPU.ActiveCfg = Release|Any CPU
		{C840F918-B621-460F-854A-2E4DD433BF7D}.Release|Any CPU.Build.0 = Release|Any CPU
		{1DDFD2DE-F750-45DB-984E-E5446482D059}.Debug|Any CPU.ActiveCfg = Debug|Any CPU
		{1DDFD2DE-F750-45DB-984E-E5446482D059}.Debug|Any CPU.Build.0 = Debug|Any CPU
		{1DDFD2DE-F750-45DB-984E-E5446482D059}.Release|Any CPU.ActiveCfg = Release|Any CPU
		{1DDFD2DE-F750-45DB-984E-E5446482D059}.Release|Any CPU.Build.0 = Release|Any CPU
		{9ED5790E-875A-4AB4-8F2D-FF42117A1D2B}.Debug|Any CPU.ActiveCfg = Debug|Any CPU
		{9ED5790E-875A-4AB4-8F2D-FF42117A1D2B}.Debug|Any CPU.Build.0 = Debug|Any CPU
		{9ED5790E-875A-4AB4-8F2D-FF42117A1D2B}.Release|Any CPU.ActiveCfg = Release|Any CPU
		{9ED5790E-875A-4AB4-8F2D-FF42117A1D2B}.Release|Any CPU.Build.0 = Release|Any CPU
	EndGlobalSection
	GlobalSection(SolutionProperties) = preSolution
		HideSolutionNode = FALSE
	EndGlobalSection
EndGlobal
