
Microsoft Visual Studio Solution File, Format Version 12.00
# Visual Studio 2013
VisualStudioVersion = 12.0.30723.0
MinimumVisualStudioVersion = 10.0.40219.1
Project("{FAE04EC0-301F-11D3-BF4B-00C04F79EFBC}") = "01.KnapsackProblem", "01.KnapsackProblem\01.KnapsackProblem.csproj", "{10A09ED9-7312-4E66-A46E-C73E109F3D46}"
EndProject
Project("{FAE04EC0-301F-11D3-BF4B-00C04F79EFBC}") = "MinimumEditDistance", "MinimumEditDistance\MinimumEditDistance.csproj", "{E2A35D7A-7F83-426D-926A-DD93E0D32144}"
EndProject
Global
	GlobalSection(SolutionConfigurationPlatforms) = preSolution
		Debug|Any CPU = Debug|Any CPU
		Release|Any CPU = Release|Any CPU
	EndGlobalSection
	GlobalSection(ProjectConfigurationPlatforms) = postSolution
		{10A09ED9-7312-4E66-A46E-C73E109F3D46}.Debug|Any CPU.ActiveCfg = Debug|Any CPU
		{10A09ED9-7312-4E66-A46E-C73E109F3D46}.Debug|Any CPU.Build.0 = Debug|Any CPU
		{10A09ED9-7312-4E66-A46E-C73E109F3D46}.Release|Any CPU.ActiveCfg = Release|Any CPU
		{10A09ED9-7312-4E66-A46E-C73E109F3D46}.Release|Any CPU.Build.0 = Release|Any CPU
		{E2A35D7A-7F83-426D-926A-DD93E0D32144}.Debug|Any CPU.ActiveCfg = Debug|Any CPU
		{E2A35D7A-7F83-426D-926A-DD93E0D32144}.Debug|Any CPU.Build.0 = Debug|Any CPU
		{E2A35D7A-7F83-426D-926A-DD93E0D32144}.Release|Any CPU.ActiveCfg = Release|Any CPU
		{E2A35D7A-7F83-426D-926A-DD93E0D32144}.Release|Any CPU.Build.0 = Release|Any CPU
	EndGlobalSection
	GlobalSection(SolutionProperties) = preSolution
		HideSolutionNode = FALSE
	EndGlobalSection
EndGlobal
