
Microsoft Visual Studio Solution File, Format Version 12.00
# Visual Studio 2013
VisualStudioVersion = 12.0.30723.0
MinimumVisualStudioVersion = 10.0.40219.1
Project("{FAE04EC0-301F-11D3-BF4B-00C04F79EFBC}") = "01.StudentsWithSortedDictionary", "01.StudentsWithSortedDictionary\01.StudentsWithSortedDictionary.csproj", "{CC51ED3C-29EB-4276-A641-4F4B3A2DE654}"
EndProject
Project("{FAE04EC0-301F-11D3-BF4B-00C04F79EFBC}") = "02.CompanyWithOrderedMultiDictionary", "02.CompanyWithOrderedMultiDictionary\02.CompanyWithOrderedMultiDictionary.csproj", "{3B99F703-8C13-41C0-8BD4-B3E7CFB626E0}"
EndProject
Project("{FAE04EC0-301F-11D3-BF4B-00C04F79EFBC}") = "03.BiDictonary", "03.BiDictonary\03.BiDictonary.csproj", "{25FE20E1-C16B-4038-9556-12150FCC13D0}"
EndProject
Global
	GlobalSection(SolutionConfigurationPlatforms) = preSolution
		Debug|Any CPU = Debug|Any CPU
		Release|Any CPU = Release|Any CPU
	EndGlobalSection
	GlobalSection(ProjectConfigurationPlatforms) = postSolution
		{CC51ED3C-29EB-4276-A641-4F4B3A2DE654}.Debug|Any CPU.ActiveCfg = Debug|Any CPU
		{CC51ED3C-29EB-4276-A641-4F4B3A2DE654}.Debug|Any CPU.Build.0 = Debug|Any CPU
		{CC51ED3C-29EB-4276-A641-4F4B3A2DE654}.Release|Any CPU.ActiveCfg = Release|Any CPU
		{CC51ED3C-29EB-4276-A641-4F4B3A2DE654}.Release|Any CPU.Build.0 = Release|Any CPU
		{3B99F703-8C13-41C0-8BD4-B3E7CFB626E0}.Debug|Any CPU.ActiveCfg = Debug|Any CPU
		{3B99F703-8C13-41C0-8BD4-B3E7CFB626E0}.Debug|Any CPU.Build.0 = Debug|Any CPU
		{3B99F703-8C13-41C0-8BD4-B3E7CFB626E0}.Release|Any CPU.ActiveCfg = Release|Any CPU
		{3B99F703-8C13-41C0-8BD4-B3E7CFB626E0}.Release|Any CPU.Build.0 = Release|Any CPU
		{25FE20E1-C16B-4038-9556-12150FCC13D0}.Debug|Any CPU.ActiveCfg = Debug|Any CPU
		{25FE20E1-C16B-4038-9556-12150FCC13D0}.Debug|Any CPU.Build.0 = Debug|Any CPU
		{25FE20E1-C16B-4038-9556-12150FCC13D0}.Release|Any CPU.ActiveCfg = Release|Any CPU
		{25FE20E1-C16B-4038-9556-12150FCC13D0}.Release|Any CPU.Build.0 = Release|Any CPU
	EndGlobalSection
	GlobalSection(SolutionProperties) = preSolution
		HideSolutionNode = FALSE
	EndGlobalSection
EndGlobal
