
Microsoft Visual Studio Solution File, Format Version 12.00
# Visual Studio 2012
Project("{FAE04EC0-301F-11D3-BF4B-00C04F79EFBC}") = "01.SizeOfFigure", "01.SizeOfFigure\01.SizeOfFigure.csproj", "{D72DF175-8073-43B7-A03D-84635334DF29}"
EndProject
Project("{FAE04EC0-301F-11D3-BF4B-00C04F79EFBC}") = "02.PrintingStatistics", "02.PrintingStatistics\02.PrintingStatistics.csproj", "{17E5A92A-AA19-401B-824B-9D400EE67EB0}"
EndProject
Global
	GlobalSection(SolutionConfigurationPlatforms) = preSolution
		Debug|Any CPU = Debug|Any CPU
		Release|Any CPU = Release|Any CPU
	EndGlobalSection
	GlobalSection(ProjectConfigurationPlatforms) = postSolution
		{D72DF175-8073-43B7-A03D-84635334DF29}.Debug|Any CPU.ActiveCfg = Debug|Any CPU
		{D72DF175-8073-43B7-A03D-84635334DF29}.Debug|Any CPU.Build.0 = Debug|Any CPU
		{D72DF175-8073-43B7-A03D-84635334DF29}.Release|Any CPU.ActiveCfg = Release|Any CPU
		{D72DF175-8073-43B7-A03D-84635334DF29}.Release|Any CPU.Build.0 = Release|Any CPU
		{17E5A92A-AA19-401B-824B-9D400EE67EB0}.Debug|Any CPU.ActiveCfg = Debug|Any CPU
		{17E5A92A-AA19-401B-824B-9D400EE67EB0}.Debug|Any CPU.Build.0 = Debug|Any CPU
		{17E5A92A-AA19-401B-824B-9D400EE67EB0}.Release|Any CPU.ActiveCfg = Release|Any CPU
		{17E5A92A-AA19-401B-824B-9D400EE67EB0}.Release|Any CPU.Build.0 = Release|Any CPU
	EndGlobalSection
	GlobalSection(SolutionProperties) = preSolution
		HideSolutionNode = FALSE
	EndGlobalSection
EndGlobal
