
Microsoft Visual Studio Solution File, Format Version 12.00
# Visual Studio 2012
Project("{FAE04EC0-301F-11D3-BF4B-00C04F79EFBC}") = "02. ReverseString", "02. ReverseString\02. ReverseString.csproj", "{681C083B-CBD2-41DB-88D9-6BA2D7F2D288}"
EndProject
Project("{FAE04EC0-301F-11D3-BF4B-00C04F79EFBC}") = "03. AreBracetsCorrect", "03. AreBracetsCorrect\03. AreBracetsCorrect.csproj", "{AF46D10C-9656-4825-8C9B-4E9B27D7E917}"
EndProject
Project("{FAE04EC0-301F-11D3-BF4B-00C04F79EFBC}") = "04. CountSubstring", "04. CountSubstring\04. CountSubstring.csproj", "{8DA67606-F77B-4106-8A45-76E7FD20DB38}"
EndProject
Project("{FAE04EC0-301F-11D3-BF4B-00C04F79EFBC}") = "05. ToUppercase", "05. ToUppercase\05. ToUppercase.csproj", "{B69A6B52-5AEA-4715-B440-AFCBC0326AE2}"
EndProject
Project("{FAE04EC0-301F-11D3-BF4B-00C04F79EFBC}") = "06. Read20Chars", "06. Read20Chars\06. Read20Chars.csproj", "{0228B0DC-09BC-40DA-9A24-A451E69367C5}"
EndProject
Project("{FAE04EC0-301F-11D3-BF4B-00C04F79EFBC}") = "08. ExtractSentancesWithGivenWord", "08. ExtractSentancesWithGivenWord\08. ExtractSentancesWithGivenWord.csproj", "{23EE10AC-1FA3-4F35-9A00-C5FFE2C22A9F}"
EndProject
Project("{FAE04EC0-301F-11D3-BF4B-00C04F79EFBC}") = "09. ReplaseWordsWithAsterisks", "09. ReplaseWordsWithAsterisks\09. ReplaseWordsWithAsterisks.csproj", "{A183A197-9027-4778-974A-9EA50785D6B7}"
EndProject
Project("{FAE04EC0-301F-11D3-BF4B-00C04F79EFBC}") = "10. ConvertToCsharpUnicode", "10. ConvertToCsharpUnicode\10. ConvertToCsharpUnicode.csproj", "{D58CE3D6-2886-4874-BD72-D77195C65EBD}"
EndProject
Project("{FAE04EC0-301F-11D3-BF4B-00C04F79EFBC}") = "11. PrintNumInHexDecPercEtc", "11. PrintNumInHexDecPercEtc\11. PrintNumInHexDecPercEtc.csproj", "{BB657F70-AF07-46CB-8669-217080A18705}"
EndProject
Project("{FAE04EC0-301F-11D3-BF4B-00C04F79EFBC}") = "12. ParseURL", "12. ParseURL\12. ParseURL.csproj", "{51992048-86EC-46B9-A5F1-8BF2C95DC786}"
EndProject
Project("{FAE04EC0-301F-11D3-BF4B-00C04F79EFBC}") = "13. ReverseWordsInSentance", "13. ReverseWordsInSentance\13. ReverseWordsInSentance.csproj", "{09CE49EE-E304-4765-A5EC-D05D303A2772}"
EndProject
Project("{FAE04EC0-301F-11D3-BF4B-00C04F79EFBC}") = "16. CalcTimeBetweenTwoDates", "16. CalcTimeBetweenTwoDates\16. CalcTimeBetweenTwoDates.csproj", "{437588C2-8A19-442E-A761-F2D1FC1EE892}"
EndProject
Project("{FAE04EC0-301F-11D3-BF4B-00C04F79EFBC}") = "17. PrintDateAfterSixHoursAndDayofWeek", "17. PrintDateAfterSixHoursAndDayofWeek\17. PrintDateAfterSixHoursAndDayofWeek.csproj", "{B745C3C4-F8C3-4EE9-8349-59E1815E0872}"
EndProject
Project("{FAE04EC0-301F-11D3-BF4B-00C04F79EFBC}") = "18. ExtractEmail", "18. ExtractEmail\18. ExtractEmail.csproj", "{52602FB6-16BB-413D-A242-20435B330C70}"
EndProject
Global
	GlobalSection(SolutionConfigurationPlatforms) = preSolution
		Debug|Any CPU = Debug|Any CPU
		Release|Any CPU = Release|Any CPU
	EndGlobalSection
	GlobalSection(ProjectConfigurationPlatforms) = postSolution
		{681C083B-CBD2-41DB-88D9-6BA2D7F2D288}.Debug|Any CPU.ActiveCfg = Debug|Any CPU
		{681C083B-CBD2-41DB-88D9-6BA2D7F2D288}.Debug|Any CPU.Build.0 = Debug|Any CPU
		{681C083B-CBD2-41DB-88D9-6BA2D7F2D288}.Release|Any CPU.ActiveCfg = Release|Any CPU
		{681C083B-CBD2-41DB-88D9-6BA2D7F2D288}.Release|Any CPU.Build.0 = Release|Any CPU
		{AF46D10C-9656-4825-8C9B-4E9B27D7E917}.Debug|Any CPU.ActiveCfg = Debug|Any CPU
		{AF46D10C-9656-4825-8C9B-4E9B27D7E917}.Debug|Any CPU.Build.0 = Debug|Any CPU
		{AF46D10C-9656-4825-8C9B-4E9B27D7E917}.Release|Any CPU.ActiveCfg = Release|Any CPU
		{AF46D10C-9656-4825-8C9B-4E9B27D7E917}.Release|Any CPU.Build.0 = Release|Any CPU
		{8DA67606-F77B-4106-8A45-76E7FD20DB38}.Debug|Any CPU.ActiveCfg = Debug|Any CPU
		{8DA67606-F77B-4106-8A45-76E7FD20DB38}.Debug|Any CPU.Build.0 = Debug|Any CPU
		{8DA67606-F77B-4106-8A45-76E7FD20DB38}.Release|Any CPU.ActiveCfg = Release|Any CPU
		{8DA67606-F77B-4106-8A45-76E7FD20DB38}.Release|Any CPU.Build.0 = Release|Any CPU
		{B69A6B52-5AEA-4715-B440-AFCBC0326AE2}.Debug|Any CPU.ActiveCfg = Debug|Any CPU
		{B69A6B52-5AEA-4715-B440-AFCBC0326AE2}.Debug|Any CPU.Build.0 = Debug|Any CPU
		{B69A6B52-5AEA-4715-B440-AFCBC0326AE2}.Release|Any CPU.ActiveCfg = Release|Any CPU
		{B69A6B52-5AEA-4715-B440-AFCBC0326AE2}.Release|Any CPU.Build.0 = Release|Any CPU
		{0228B0DC-09BC-40DA-9A24-A451E69367C5}.Debug|Any CPU.ActiveCfg = Debug|Any CPU
		{0228B0DC-09BC-40DA-9A24-A451E69367C5}.Debug|Any CPU.Build.0 = Debug|Any CPU
		{0228B0DC-09BC-40DA-9A24-A451E69367C5}.Release|Any CPU.ActiveCfg = Release|Any CPU
		{0228B0DC-09BC-40DA-9A24-A451E69367C5}.Release|Any CPU.Build.0 = Release|Any CPU
		{23EE10AC-1FA3-4F35-9A00-C5FFE2C22A9F}.Debug|Any CPU.ActiveCfg = Debug|Any CPU
		{23EE10AC-1FA3-4F35-9A00-C5FFE2C22A9F}.Debug|Any CPU.Build.0 = Debug|Any CPU
		{23EE10AC-1FA3-4F35-9A00-C5FFE2C22A9F}.Release|Any CPU.ActiveCfg = Release|Any CPU
		{23EE10AC-1FA3-4F35-9A00-C5FFE2C22A9F}.Release|Any CPU.Build.0 = Release|Any CPU
		{A183A197-9027-4778-974A-9EA50785D6B7}.Debug|Any CPU.ActiveCfg = Debug|Any CPU
		{A183A197-9027-4778-974A-9EA50785D6B7}.Debug|Any CPU.Build.0 = Debug|Any CPU
		{A183A197-9027-4778-974A-9EA50785D6B7}.Release|Any CPU.ActiveCfg = Release|Any CPU
		{A183A197-9027-4778-974A-9EA50785D6B7}.Release|Any CPU.Build.0 = Release|Any CPU
		{D58CE3D6-2886-4874-BD72-D77195C65EBD}.Debug|Any CPU.ActiveCfg = Debug|Any CPU
		{D58CE3D6-2886-4874-BD72-D77195C65EBD}.Debug|Any CPU.Build.0 = Debug|Any CPU
		{D58CE3D6-2886-4874-BD72-D77195C65EBD}.Release|Any CPU.ActiveCfg = Release|Any CPU
		{D58CE3D6-2886-4874-BD72-D77195C65EBD}.Release|Any CPU.Build.0 = Release|Any CPU
		{BB657F70-AF07-46CB-8669-217080A18705}.Debug|Any CPU.ActiveCfg = Debug|Any CPU
		{BB657F70-AF07-46CB-8669-217080A18705}.Debug|Any CPU.Build.0 = Debug|Any CPU
		{BB657F70-AF07-46CB-8669-217080A18705}.Release|Any CPU.ActiveCfg = Release|Any CPU
		{BB657F70-AF07-46CB-8669-217080A18705}.Release|Any CPU.Build.0 = Release|Any CPU
		{51992048-86EC-46B9-A5F1-8BF2C95DC786}.Debug|Any CPU.ActiveCfg = Debug|Any CPU
		{51992048-86EC-46B9-A5F1-8BF2C95DC786}.Debug|Any CPU.Build.0 = Debug|Any CPU
		{51992048-86EC-46B9-A5F1-8BF2C95DC786}.Release|Any CPU.ActiveCfg = Release|Any CPU
		{51992048-86EC-46B9-A5F1-8BF2C95DC786}.Release|Any CPU.Build.0 = Release|Any CPU
		{09CE49EE-E304-4765-A5EC-D05D303A2772}.Debug|Any CPU.ActiveCfg = Debug|Any CPU
		{09CE49EE-E304-4765-A5EC-D05D303A2772}.Debug|Any CPU.Build.0 = Debug|Any CPU
		{09CE49EE-E304-4765-A5EC-D05D303A2772}.Release|Any CPU.ActiveCfg = Release|Any CPU
		{09CE49EE-E304-4765-A5EC-D05D303A2772}.Release|Any CPU.Build.0 = Release|Any CPU
		{437588C2-8A19-442E-A761-F2D1FC1EE892}.Debug|Any CPU.ActiveCfg = Debug|Any CPU
		{437588C2-8A19-442E-A761-F2D1FC1EE892}.Debug|Any CPU.Build.0 = Debug|Any CPU
		{437588C2-8A19-442E-A761-F2D1FC1EE892}.Release|Any CPU.ActiveCfg = Release|Any CPU
		{437588C2-8A19-442E-A761-F2D1FC1EE892}.Release|Any CPU.Build.0 = Release|Any CPU
		{B745C3C4-F8C3-4EE9-8349-59E1815E0872}.Debug|Any CPU.ActiveCfg = Debug|Any CPU
		{B745C3C4-F8C3-4EE9-8349-59E1815E0872}.Debug|Any CPU.Build.0 = Debug|Any CPU
		{B745C3C4-F8C3-4EE9-8349-59E1815E0872}.Release|Any CPU.ActiveCfg = Release|Any CPU
		{B745C3C4-F8C3-4EE9-8349-59E1815E0872}.Release|Any CPU.Build.0 = Release|Any CPU
		{52602FB6-16BB-413D-A242-20435B330C70}.Debug|Any CPU.ActiveCfg = Debug|Any CPU
		{52602FB6-16BB-413D-A242-20435B330C70}.Debug|Any CPU.Build.0 = Debug|Any CPU
		{52602FB6-16BB-413D-A242-20435B330C70}.Release|Any CPU.ActiveCfg = Release|Any CPU
		{52602FB6-16BB-413D-A242-20435B330C70}.Release|Any CPU.Build.0 = Release|Any CPU
	EndGlobalSection
	GlobalSection(SolutionProperties) = preSolution
		HideSolutionNode = FALSE
	EndGlobalSection
EndGlobal
