
Microsoft Visual Studio Solution File, Format Version 12.00
# Visual Studio 2013
VisualStudioVersion = 12.0.30723.0
MinimumVisualStudioVersion = 10.0.40219.1
Project("{FAE04EC0-301F-11D3-BF4B-00C04F79EFBC}") = "01.PriorityQueue(binaryHeap)", "01.PriorityQueue(binaryHeap)\01.PriorityQueue(binaryHeap).csproj", "{01133708-0257-42F7-8BB6-CD8D2AA5B4B3}"
EndProject
Project("{FAE04EC0-301F-11D3-BF4B-00C04F79EFBC}") = "02.CollectionOfProducts", "02.CollectionOfProducts\02.CollectionOfProducts.csproj", "{A9058DA4-D5AE-4C6C-9395-73285939FEAE}"
EndProject
Global
	GlobalSection(SolutionConfigurationPlatforms) = preSolution
		Debug|Any CPU = Debug|Any CPU
		Release|Any CPU = Release|Any CPU
	EndGlobalSection
	GlobalSection(ProjectConfigurationPlatforms) = postSolution
		{01133708-0257-42F7-8BB6-CD8D2AA5B4B3}.Debug|Any CPU.ActiveCfg = Debug|Any CPU
		{01133708-0257-42F7-8BB6-CD8D2AA5B4B3}.Debug|Any CPU.Build.0 = Debug|Any CPU
		{01133708-0257-42F7-8BB6-CD8D2AA5B4B3}.Release|Any CPU.ActiveCfg = Release|Any CPU
		{01133708-0257-42F7-8BB6-CD8D2AA5B4B3}.Release|Any CPU.Build.0 = Release|Any CPU
		{A9058DA4-D5AE-4C6C-9395-73285939FEAE}.Debug|Any CPU.ActiveCfg = Debug|Any CPU
		{A9058DA4-D5AE-4C6C-9395-73285939FEAE}.Debug|Any CPU.Build.0 = Debug|Any CPU
		{A9058DA4-D5AE-4C6C-9395-73285939FEAE}.Release|Any CPU.ActiveCfg = Release|Any CPU
		{A9058DA4-D5AE-4C6C-9395-73285939FEAE}.Release|Any CPU.Build.0 = Release|Any CPU
	EndGlobalSection
	GlobalSection(SolutionProperties) = preSolution
		HideSolutionNode = FALSE
	EndGlobalSection
EndGlobal
